
Microsoft Visual Studio Solution File, Format Version 12.00
# Visual Studio 15
VisualStudioVersion = 15.0.28010.2046
MinimumVisualStudioVersion = 10.0.40219.1
Project("{FAE04EC0-301F-11D3-BF4B-00C04F79EFBC}") = "WideWorldImporters", "WideWorldImporters\WideWorldImporters.csproj", "{8C48052E-C098-4BFF-B76A-F3C8AA4F063B}"
EndProject
Global
	GlobalSection(SolutionConfigurationPlatforms) = preSolution
		Debug|Any CPU = Debug|Any CPU
		Release|Any CPU = Release|Any CPU
	EndGlobalSection
	GlobalSection(ProjectConfigurationPlatforms) = postSolution
		{8C48052E-C098-4BFF-B76A-F3C8AA4F063B}.Debug|Any CPU.ActiveCfg = Debug|Any CPU
		{8C48052E-C098-4BFF-B76A-F3C8AA4F063B}.Debug|Any CPU.Build.0 = Debug|Any CPU
		{8C48052E-C098-4BFF-B76A-F3C8AA4F063B}.Release|Any CPU.ActiveCfg = Release|Any CPU
		{8C48052E-C098-4BFF-B76A-F3C8AA4F063B}.Release|Any CPU.Build.0 = Release|Any CPU
	EndGlobalSection
	GlobalSection(SolutionProperties) = preSolution
		HideSolutionNode = FALSE
	EndGlobalSection
	GlobalSection(ExtensibilityGlobals) = postSolution
		SolutionGuid = {731C8F3D-1C32-4413-AB4E-505CC90C82F8}
	EndGlobalSection
EndGlobal
